// !$*UTF8*$!
{
	archiveVersion = 1;
	classes = {
	};
	objectVersion = 46;
	objects = {

/* Begin PBXBuildFile section */
		C9192B7A1B1A72A2002D1E08 /* QuartzCore.framework in Frameworks */ = {isa = PBXBuildFile; fileRef = C9192B791B1A72A2002D1E08 /* QuartzCore.framework */; };
		C9192B7C1B1A72D1002D1E08 /* CoreVideo.framework in Frameworks */ = {isa = PBXBuildFile; fileRef = C9192B7B1B1A72D1002D1E08 /* CoreVideo.framework */; };
		C9192B7E1B1A72D5002D1E08 /* ImageIO.framework in Frameworks */ = {isa = PBXBuildFile; fileRef = C9192B7D1B1A72D5002D1E08 /* ImageIO.framework */; };
		C9192B801B1A72EC002D1E08 /* CoreMedia.framework in Frameworks */ = {isa = PBXBuildFile; fileRef = C9192B7F1B1A72EC002D1E08 /* CoreMedia.framework */; };
		C91DD90F1B6B6C1400B4BB07 /* LeagueDetector.m in Sources */ = {isa = PBXBuildFile; fileRef = C91DD90D1B6B6C1400B4BB07 /* LeagueDetector.m */; };
		C91DD9111B6BB97000B4BB07 /* CoreGraphics.framework in Frameworks */ = {isa = PBXBuildFile; fileRef = C91DD9101B6BB97000B4BB07 /* CoreGraphics.framework */; };
		C91DD9131B6BB97500B4BB07 /* IOKit.framework in Frameworks */ = {isa = PBXBuildFile; fileRef = C91DD9121B6BB97500B4BB07 /* IOKit.framework */; };
		C91DD9151B6BB97A00B4BB07 /* IOSurface.framework in Frameworks */ = {isa = PBXBuildFile; fileRef = C91DD9141B6BB97A00B4BB07 /* IOSurface.framework */; };
		C91E65D01B1D309E00432FCA /* Resources in Resources */ = {isa = PBXBuildFile; fileRef = C91E65CF1B1D309E00432FCA /* Resources */; };
		C91E65D31B1D30D200432FCA /* EnemyChampionManager.m in Sources */ = {isa = PBXBuildFile; fileRef = C91E65D21B1D30D200432FCA /* EnemyChampionManager.m */; };
		C92B82591B303A7500278ED5 /* AbilityManager.m in Sources */ = {isa = PBXBuildFile; fileRef = C92B82581B303A7500278ED5 /* AbilityManager.m */; };
		C92B825C1B303A9E00278ED5 /* ItemManager.m in Sources */ = {isa = PBXBuildFile; fileRef = C92B825B1B303A9E00278ED5 /* ItemManager.m */; };
		C939B4751B6A01C800B42054 /* TestController.m in Sources */ = {isa = PBXBuildFile; fileRef = C939B4731B6A01C800B42054 /* TestController.m */; };
		C93A4D311B2BE84400391CCE /* EnemyTowerManager.m in Sources */ = {isa = PBXBuildFile; fileRef = C93A4D301B2BE84400391CCE /* EnemyTowerManager.m */; };
		C9416A931B2C560E007E0091 /* AutoQueueManager.m in Sources */ = {isa = PBXBuildFile; fileRef = C9416A921B2C560E007E0091 /* AutoQueueManager.m */; };
		C94607321B96482B00B8F926 /* DetectionManager.m in Sources */ = {isa = PBXBuildFile; fileRef = C94607311B96482B00B8F926 /* DetectionManager.m */; };
		C95A77AE1B14063B00052F3E /* AppDelegate.m in Sources */ = {isa = PBXBuildFile; fileRef = C95A77AD1B14063B00052F3E /* AppDelegate.m */; };
		C95A77B01B14063B00052F3E /* main.m in Sources */ = {isa = PBXBuildFile; fileRef = C95A77AF1B14063B00052F3E /* main.m */; };
		C95A77B21B14063B00052F3E /* Images.xcassets in Resources */ = {isa = PBXBuildFile; fileRef = C95A77B11B14063B00052F3E /* Images.xcassets */; };
		C95A77B51B14063B00052F3E /* MainMenu.xib in Resources */ = {isa = PBXBuildFile; fileRef = C95A77B31B14063B00052F3E /* MainMenu.xib */; };
		C95A77CD1B142AB200052F3E /* OpenGL.framework in Frameworks */ = {isa = PBXBuildFile; fileRef = C95A77CC1B142AB200052F3E /* OpenGL.framework */; };
		C95A77CF1B142AC500052F3E /* CoreFoundation.framework in Frameworks */ = {isa = PBXBuildFile; fileRef = C95A77CE1B142AC500052F3E /* CoreFoundation.framework */; };
		C95A77D11B142ACA00052F3E /* ApplicationServices.framework in Frameworks */ = {isa = PBXBuildFile; fileRef = C95A77D01B142ACA00052F3E /* ApplicationServices.framework */; };
		C95A77D51B1432A600052F3E /* LeagueGameState.m in Sources */ = {isa = PBXBuildFile; fileRef = C95A77D41B1432A600052F3E /* LeagueGameState.m */; };
		C981B24B1B94966400C7F5AB /* MapManager.m in Sources */ = {isa = PBXBuildFile; fileRef = C981B24A1B94966400C7F5AB /* MapManager.m */; };
		C9928F471B28720600A965E6 /* SelfChampionManager.m in Sources */ = {isa = PBXBuildFile; fileRef = C9928F461B28720600A965E6 /* SelfChampionManager.m */; };
		C9928F4A1B2872DC00A965E6 /* AllyChampionManager.m in Sources */ = {isa = PBXBuildFile; fileRef = C9928F491B2872DC00A965E6 /* AllyChampionManager.m */; };
		C9928F4D1B28931700A965E6 /* BasicAI.m in Sources */ = {isa = PBXBuildFile; fileRef = C9928F4C1B28931700A965E6 /* BasicAI.m */; };
		C9A9111A1B2AC6F300DC33D1 /* ShopManager.m in Sources */ = {isa = PBXBuildFile; fileRef = C9A911191B2AC6F300DC33D1 /* ShopManager.m */; };
		C9C736041B15937F0021F10F /* AllyMinionManager.m in Sources */ = {isa = PBXBuildFile; fileRef = C9C736031B15937F0021F10F /* AllyMinionManager.m */; };
		C9C7360F1B15E6300021F10F /* AVFoundation.framework in Frameworks */ = {isa = PBXBuildFile; fileRef = C9C7360E1B15E6300021F10F /* AVFoundation.framework */; };
		C9C736111B15E90C0021F10F /* AppKit.framework in Frameworks */ = {isa = PBXBuildFile; fileRef = C9C736101B15E90C0021F10F /* AppKit.framework */; };
		C9F5E6821B1C1AD10072BB9C /* EnemyMinionManager.m in Sources */ = {isa = PBXBuildFile; fileRef = C9F5E6801B1C1AD10072BB9C /* EnemyMinionManager.m */; };
/* End PBXBuildFile section */

/* Begin PBXFileReference section */
		C9192B741B1A6F96002D1E08 /* concurrentqueue.h */ = {isa = PBXFileReference; explicitFileType = sourcecode.cpp.objcpp; fileEncoding = 4; path = concurrentqueue.h; sourceTree = "<group>"; };
		C9192B791B1A72A2002D1E08 /* QuartzCore.framework */ = {isa = PBXFileReference; lastKnownFileType = wrapper.framework; name = QuartzCore.framework; path = System/Library/Frameworks/QuartzCore.framework; sourceTree = SDKROOT; };
		C9192B7B1B1A72D1002D1E08 /* CoreVideo.framework */ = {isa = PBXFileReference; lastKnownFileType = wrapper.framework; name = CoreVideo.framework; path = System/Library/Frameworks/CoreVideo.framework; sourceTree = SDKROOT; };
		C9192B7D1B1A72D5002D1E08 /* ImageIO.framework */ = {isa = PBXFileReference; lastKnownFileType = wrapper.framework; name = ImageIO.framework; path = System/Library/Frameworks/ImageIO.framework; sourceTree = SDKROOT; };
		C9192B7F1B1A72EC002D1E08 /* CoreMedia.framework */ = {isa = PBXFileReference; lastKnownFileType = wrapper.framework; name = CoreMedia.framework; path = System/Library/Frameworks/CoreMedia.framework; sourceTree = SDKROOT; };
		C91DD90D1B6B6C1400B4BB07 /* LeagueDetector.m */ = {isa = PBXFileReference; fileEncoding = 4; lastKnownFileType = sourcecode.c.objc; path = LeagueDetector.m; sourceTree = "<group>"; };
		C91DD90E1B6B6C1400B4BB07 /* LeagueDetector.h */ = {isa = PBXFileReference; fileEncoding = 4; lastKnownFileType = sourcecode.c.h; path = LeagueDetector.h; sourceTree = "<group>"; };
		C91DD9101B6BB97000B4BB07 /* CoreGraphics.framework */ = {isa = PBXFileReference; lastKnownFileType = wrapper.framework; name = CoreGraphics.framework; path = System/Library/Frameworks/CoreGraphics.framework; sourceTree = SDKROOT; };
		C91DD9121B6BB97500B4BB07 /* IOKit.framework */ = {isa = PBXFileReference; lastKnownFileType = wrapper.framework; name = IOKit.framework; path = System/Library/Frameworks/IOKit.framework; sourceTree = SDKROOT; };
		C91DD9141B6BB97A00B4BB07 /* IOSurface.framework */ = {isa = PBXFileReference; lastKnownFileType = wrapper.framework; name = IOSurface.framework; path = System/Library/Frameworks/IOSurface.framework; sourceTree = SDKROOT; };
		C91E65CF1B1D309E00432FCA /* Resources */ = {isa = PBXFileReference; lastKnownFileType = folder; path = Resources; sourceTree = "<group>"; };
		C91E65D11B1D30D200432FCA /* EnemyChampionManager.h */ = {isa = PBXFileReference; fileEncoding = 4; lastKnownFileType = sourcecode.c.h; path = EnemyChampionManager.h; sourceTree = "<group>"; };
		C91E65D21B1D30D200432FCA /* EnemyChampionManager.m */ = {isa = PBXFileReference; fileEncoding = 4; lastKnownFileType = sourcecode.c.objc; path = EnemyChampionManager.m; sourceTree = "<group>"; };
		C92B82571B303A7500278ED5 /* AbilityManager.h */ = {isa = PBXFileReference; fileEncoding = 4; lastKnownFileType = sourcecode.c.h; path = AbilityManager.h; sourceTree = "<group>"; };
		C92B82581B303A7500278ED5 /* AbilityManager.m */ = {isa = PBXFileReference; fileEncoding = 4; lastKnownFileType = sourcecode.c.objc; path = AbilityManager.m; sourceTree = "<group>"; };
		C92B825A1B303A9E00278ED5 /* ItemManager.h */ = {isa = PBXFileReference; fileEncoding = 4; lastKnownFileType = sourcecode.c.h; path = ItemManager.h; sourceTree = "<group>"; };
		C92B825B1B303A9E00278ED5 /* ItemManager.m */ = {isa = PBXFileReference; fileEncoding = 4; lastKnownFileType = sourcecode.c.objc; path = ItemManager.m; sourceTree = "<group>"; };
		C939B4731B6A01C800B42054 /* TestController.m */ = {isa = PBXFileReference; fileEncoding = 4; lastKnownFileType = sourcecode.c.objc; path = TestController.m; sourceTree = "<group>"; };
		C939B4741B6A01C800B42054 /* TestController.h */ = {isa = PBXFileReference; fileEncoding = 4; lastKnownFileType = sourcecode.c.h; path = TestController.h; sourceTree = "<group>"; };
		C93A4D2F1B2BE84400391CCE /* EnemyTowerManager.h */ = {isa = PBXFileReference; fileEncoding = 4; lastKnownFileType = sourcecode.c.h; path = EnemyTowerManager.h; sourceTree = "<group>"; };
		C93A4D301B2BE84400391CCE /* EnemyTowerManager.m */ = {isa = PBXFileReference; fileEncoding = 4; lastKnownFileType = sourcecode.c.objc; path = EnemyTowerManager.m; sourceTree = "<group>"; };
		C9416A911B2C560E007E0091 /* AutoQueueManager.h */ = {isa = PBXFileReference; fileEncoding = 4; lastKnownFileType = sourcecode.c.h; path = AutoQueueManager.h; sourceTree = "<group>"; };
		C9416A921B2C560E007E0091 /* AutoQueueManager.m */ = {isa = PBXFileReference; fileEncoding = 4; lastKnownFileType = sourcecode.c.objc; path = AutoQueueManager.m; sourceTree = "<group>"; };
		C94607311B96482B00B8F926 /* DetectionManager.m */ = {isa = PBXFileReference; fileEncoding = 4; lastKnownFileType = sourcecode.c.objc; path = DetectionManager.m; sourceTree = "<group>"; };
		C94607331B96483800B8F926 /* DetectionManager.h */ = {isa = PBXFileReference; lastKnownFileType = sourcecode.c.h; path = DetectionManager.h; sourceTree = "<group>"; };
		C95A77A71B14063B00052F3E /* Fluffy Pug.app */ = {isa = PBXFileReference; explicitFileType = wrapper.application; includeInIndex = 0; path = "Fluffy Pug.app"; sourceTree = BUILT_PRODUCTS_DIR; };
		C95A77AB1B14063B00052F3E /* Info.plist */ = {isa = PBXFileReference; lastKnownFileType = text.plist.xml; path = Info.plist; sourceTree = "<group>"; };
		C95A77AC1B14063B00052F3E /* AppDelegate.h */ = {isa = PBXFileReference; lastKnownFileType = sourcecode.c.h; path = AppDelegate.h; sourceTree = "<group>"; };
		C95A77AD1B14063B00052F3E /* AppDelegate.m */ = {isa = PBXFileReference; lastKnownFileType = sourcecode.c.objc; path = AppDelegate.m; sourceTree = "<group>"; };
		C95A77AF1B14063B00052F3E /* main.m */ = {isa = PBXFileReference; lastKnownFileType = sourcecode.c.objc; path = main.m; sourceTree = "<group>"; };
		C95A77B11B14063B00052F3E /* Images.xcassets */ = {isa = PBXFileReference; lastKnownFileType = folder.assetcatalog; path = Images.xcassets; sourceTree = "<group>"; };
		C95A77B41B14063B00052F3E /* Base */ = {isa = PBXFileReference; lastKnownFileType = file.xib; name = Base; path = Base.lproj/MainMenu.xib; sourceTree = "<group>"; };
		C95A77BF1B14063C00052F3E /* Info.plist */ = {isa = PBXFileReference; lastKnownFileType = text.plist.xml; path = Info.plist; sourceTree = "<group>"; };
		C95A77C01B14063C00052F3E /* Fluffy_PugTests.m */ = {isa = PBXFileReference; lastKnownFileType = sourcecode.c.objc; path = Fluffy_PugTests.m; sourceTree = "<group>"; };
		C95A77CC1B142AB200052F3E /* OpenGL.framework */ = {isa = PBXFileReference; lastKnownFileType = wrapper.framework; name = OpenGL.framework; path = System/Library/Frameworks/OpenGL.framework; sourceTree = SDKROOT; };
		C95A77CE1B142AC500052F3E /* CoreFoundation.framework */ = {isa = PBXFileReference; lastKnownFileType = wrapper.framework; name = CoreFoundation.framework; path = System/Library/Frameworks/CoreFoundation.framework; sourceTree = SDKROOT; };
		C95A77D01B142ACA00052F3E /* ApplicationServices.framework */ = {isa = PBXFileReference; lastKnownFileType = wrapper.framework; name = ApplicationServices.framework; path = System/Library/Frameworks/ApplicationServices.framework; sourceTree = SDKROOT; };
		C95A77D31B1432A600052F3E /* LeagueGameState.h */ = {isa = PBXFileReference; fileEncoding = 4; lastKnownFileType = sourcecode.c.h; path = LeagueGameState.h; sourceTree = "<group>"; };
		C95A77D41B1432A600052F3E /* LeagueGameState.m */ = {isa = PBXFileReference; fileEncoding = 4; lastKnownFileType = sourcecode.c.objc; path = LeagueGameState.m; sourceTree = "<group>"; };
		C981B24A1B94966400C7F5AB /* MapManager.m */ = {isa = PBXFileReference; fileEncoding = 4; lastKnownFileType = sourcecode.c.objc; path = MapManager.m; sourceTree = "<group>"; };
		C981B24C1B94967500C7F5AB /* MapManager.h */ = {isa = PBXFileReference; lastKnownFileType = sourcecode.c.h; path = MapManager.h; sourceTree = "<group>"; };
		C9928F451B28720600A965E6 /* SelfChampionManager.h */ = {isa = PBXFileReference; fileEncoding = 4; lastKnownFileType = sourcecode.c.h; path = SelfChampionManager.h; sourceTree = "<group>"; };
		C9928F461B28720600A965E6 /* SelfChampionManager.m */ = {isa = PBXFileReference; fileEncoding = 4; lastKnownFileType = sourcecode.c.objc; path = SelfChampionManager.m; sourceTree = "<group>"; };
		C9928F481B2872DC00A965E6 /* AllyChampionManager.h */ = {isa = PBXFileReference; fileEncoding = 4; lastKnownFileType = sourcecode.c.h; path = AllyChampionManager.h; sourceTree = "<group>"; };
		C9928F491B2872DC00A965E6 /* AllyChampionManager.m */ = {isa = PBXFileReference; fileEncoding = 4; lastKnownFileType = sourcecode.c.objc; path = AllyChampionManager.m; sourceTree = "<group>"; };
		C9928F4B1B28931700A965E6 /* BasicAI.h */ = {isa = PBXFileReference; fileEncoding = 4; lastKnownFileType = sourcecode.c.h; path = BasicAI.h; sourceTree = "<group>"; };
		C9928F4C1B28931700A965E6 /* BasicAI.m */ = {isa = PBXFileReference; fileEncoding = 4; lastKnownFileType = sourcecode.c.objc; path = BasicAI.m; sourceTree = "<group>"; };
		C9928F4E1B28952E00A965E6 /* InteractiveEvents.h */ = {isa = PBXFileReference; fileEncoding = 4; lastKnownFileType = sourcecode.c.h; path = InteractiveEvents.h; sourceTree = "<group>"; };
		C9A911181B2AC6F300DC33D1 /* ShopManager.h */ = {isa = PBXFileReference; fileEncoding = 4; lastKnownFileType = sourcecode.c.h; path = ShopManager.h; sourceTree = "<group>"; };
		C9A911191B2AC6F300DC33D1 /* ShopManager.m */ = {isa = PBXFileReference; fileEncoding = 4; lastKnownFileType = sourcecode.c.objc; path = ShopManager.m; sourceTree = "<group>"; };
		C9C736021B15937F0021F10F /* AllyMinionManager.h */ = {isa = PBXFileReference; fileEncoding = 4; lastKnownFileType = sourcecode.c.h; path = AllyMinionManager.h; sourceTree = "<group>"; };
		C9C736031B15937F0021F10F /* AllyMinionManager.m */ = {isa = PBXFileReference; fileEncoding = 4; lastKnownFileType = sourcecode.c.objc; path = AllyMinionManager.m; sourceTree = "<group>"; };
		C9C7360C1B15A2370021F10F /* Utility.h */ = {isa = PBXFileReference; explicitFileType = sourcecode.cpp.h; fileEncoding = 4; path = Utility.h; sourceTree = "<group>"; };
		C9C7360E1B15E6300021F10F /* AVFoundation.framework */ = {isa = PBXFileReference; lastKnownFileType = wrapper.framework; name = AVFoundation.framework; path = System/Library/Frameworks/AVFoundation.framework; sourceTree = SDKROOT; };
		C9C736101B15E90C0021F10F /* AppKit.framework */ = {isa = PBXFileReference; lastKnownFileType = wrapper.framework; name = AppKit.framework; path = System/Library/Frameworks/AppKit.framework; sourceTree = SDKROOT; };
		C9F5E6801B1C1AD10072BB9C /* EnemyMinionManager.m */ = {isa = PBXFileReference; fileEncoding = 4; lastKnownFileType = sourcecode.c.objc; path = EnemyMinionManager.m; sourceTree = "<group>"; };
		C9F5E6811B1C1AD10072BB9C /* EnemyMinionManager.h */ = {isa = PBXFileReference; fileEncoding = 4; lastKnownFileType = sourcecode.c.h; path = EnemyMinionManager.h; sourceTree = "<group>"; };
/* End PBXFileReference section */

/* Begin PBXFrameworksBuildPhase section */
		C95A77A41B14063B00052F3E /* Frameworks */ = {
			isa = PBXFrameworksBuildPhase;
			buildActionMask = 2147483647;
			files = (
				C91DD9151B6BB97A00B4BB07 /* IOSurface.framework in Frameworks */,
				C91DD9131B6BB97500B4BB07 /* IOKit.framework in Frameworks */,
				C91DD9111B6BB97000B4BB07 /* CoreGraphics.framework in Frameworks */,
				C95A77D11B142ACA00052F3E /* ApplicationServices.framework in Frameworks */,
				C9192B801B1A72EC002D1E08 /* CoreMedia.framework in Frameworks */,
				C9192B7E1B1A72D5002D1E08 /* ImageIO.framework in Frameworks */,
				C9192B7C1B1A72D1002D1E08 /* CoreVideo.framework in Frameworks */,
				C9192B7A1B1A72A2002D1E08 /* QuartzCore.framework in Frameworks */,
				C9C736111B15E90C0021F10F /* AppKit.framework in Frameworks */,
				C9C7360F1B15E6300021F10F /* AVFoundation.framework in Frameworks */,
				C95A77CF1B142AC500052F3E /* CoreFoundation.framework in Frameworks */,
				C95A77CD1B142AB200052F3E /* OpenGL.framework in Frameworks */,
			);
			runOnlyForDeploymentPostprocessing = 0;
		};
/* End PBXFrameworksBuildPhase section */

/* Begin PBXGroup section */
		C92B824D1B30372200278ED5 /* Detection */ = {
			isa = PBXGroup;
			children = (
				C94607331B96483800B8F926 /* DetectionManager.h */,
				C94607311B96482B00B8F926 /* DetectionManager.m */,
				C91DD90E1B6B6C1400B4BB07 /* LeagueDetector.h */,
				C91DD90D1B6B6C1400B4BB07 /* LeagueDetector.m */,
				C981B2491B94962800C7F5AB /* Map Manager */,
				C92B82521B3037AA00278ED5 /* Shop Manager */,
				C92B82511B30379C00278ED5 /* Item Manager */,
				C92B82501B30378E00278ED5 /* Ability Manager */,
				C92B824F1B30377B00278ED5 /* Allies */,
				C92B824E1B30375F00278ED5 /* Enemies */,
				C9416A911B2C560E007E0091 /* AutoQueueManager.h */,
				C9416A921B2C560E007E0091 /* AutoQueueManager.m */,
			);
			name = Detection;
			sourceTree = "<group>";
		};
		C92B824E1B30375F00278ED5 /* Enemies */ = {
			isa = PBXGroup;
			children = (
				C91E65D11B1D30D200432FCA /* EnemyChampionManager.h */,
				C91E65D21B1D30D200432FCA /* EnemyChampionManager.m */,
				C93A4D2F1B2BE84400391CCE /* EnemyTowerManager.h */,
				C93A4D301B2BE84400391CCE /* EnemyTowerManager.m */,
				C9F5E6811B1C1AD10072BB9C /* EnemyMinionManager.h */,
				C9F5E6801B1C1AD10072BB9C /* EnemyMinionManager.m */,
			);
			name = Enemies;
			sourceTree = "<group>";
		};
		C92B824F1B30377B00278ED5 /* Allies */ = {
			isa = PBXGroup;
			children = (
				C9C736021B15937F0021F10F /* AllyMinionManager.h */,
				C9C736031B15937F0021F10F /* AllyMinionManager.m */,
				C9928F451B28720600A965E6 /* SelfChampionManager.h */,
				C9928F461B28720600A965E6 /* SelfChampionManager.m */,
				C9928F481B2872DC00A965E6 /* AllyChampionManager.h */,
				C9928F491B2872DC00A965E6 /* AllyChampionManager.m */,
			);
			name = Allies;
			sourceTree = "<group>";
		};
		C92B82501B30378E00278ED5 /* Ability Manager */ = {
			isa = PBXGroup;
			children = (
				C92B82571B303A7500278ED5 /* AbilityManager.h */,
				C92B82581B303A7500278ED5 /* AbilityManager.m */,
			);
			name = "Ability Manager";
			sourceTree = "<group>";
		};
		C92B82511B30379C00278ED5 /* Item Manager */ = {
			isa = PBXGroup;
			children = (
				C92B825A1B303A9E00278ED5 /* ItemManager.h */,
				C92B825B1B303A9E00278ED5 /* ItemManager.m */,
			);
			name = "Item Manager";
			sourceTree = "<group>";
		};
		C92B82521B3037AA00278ED5 /* Shop Manager */ = {
			isa = PBXGroup;
			children = (
				C9A911181B2AC6F300DC33D1 /* ShopManager.h */,
				C9A911191B2AC6F300DC33D1 /* ShopManager.m */,
			);
			name = "Shop Manager";
			sourceTree = "<group>";
		};
		C92B82531B3037C100278ED5 /* Basic AI */ = {
			isa = PBXGroup;
			children = (
				C9928F4B1B28931700A965E6 /* BasicAI.h */,
				C9928F4C1B28931700A965E6 /* BasicAI.m */,
			);
			name = "Basic AI";
			sourceTree = "<group>";
		};
		C939B4721B6A008A00B42054 /* Test Algorithms */ = {
			isa = PBXGroup;
			children = (
				C939B4741B6A01C800B42054 /* TestController.h */,
				C939B4731B6A01C800B42054 /* TestController.m */,
			);
			name = "Test Algorithms";
			sourceTree = "<group>";
		};
		C95A779E1B14063B00052F3E = {
			isa = PBXGroup;
			children = (
				C9DED8C51B8FC77B004DECCB /* Frameworks */,
				C95A77A91B14063B00052F3E /* Fluffy Pug */,
				C95A77BD1B14063C00052F3E /* Fluffy PugTests */,
				C95A77A81B14063B00052F3E /* Products */,
			);
			sourceTree = "<group>";
		};
		C95A77A81B14063B00052F3E /* Products */ = {
			isa = PBXGroup;
			children = (
				C95A77A71B14063B00052F3E /* Fluffy Pug.app */,
			);
			name = Products;
			sourceTree = "<group>";
		};
		C95A77A91B14063B00052F3E /* Fluffy Pug */ = {
			isa = PBXGroup;
			children = (
				C939B4721B6A008A00B42054 /* Test Algorithms */,
				C92B82531B3037C100278ED5 /* Basic AI */,
				C92B824D1B30372200278ED5 /* Detection */,
				C95A77AC1B14063B00052F3E /* AppDelegate.h */,
				C95A77AD1B14063B00052F3E /* AppDelegate.m */,
				C95A77D31B1432A600052F3E /* LeagueGameState.h */,
				C95A77D41B1432A600052F3E /* LeagueGameState.m */,
				C9192B741B1A6F96002D1E08 /* concurrentqueue.h */,
				C9C7360C1B15A2370021F10F /* Utility.h */,
				C9928F4E1B28952E00A965E6 /* InteractiveEvents.h */,
				C95A77B31B14063B00052F3E /* MainMenu.xib */,
				C95A77B11B14063B00052F3E /* Images.xcassets */,
				C95A77AA1B14063B00052F3E /* Supporting Files */,
				C91E65CF1B1D309E00432FCA /* Resources */,
			);
			path = "Fluffy Pug";
			sourceTree = "<group>";
		};
		C95A77AA1B14063B00052F3E /* Supporting Files */ = {
			isa = PBXGroup;
			children = (
				C95A77AB1B14063B00052F3E /* Info.plist */,
				C95A77AF1B14063B00052F3E /* main.m */,
			);
			name = "Supporting Files";
			sourceTree = "<group>";
		};
		C95A77BD1B14063C00052F3E /* Fluffy PugTests */ = {
			isa = PBXGroup;
			children = (
				C95A77C01B14063C00052F3E /* Fluffy_PugTests.m */,
				C95A77BE1B14063C00052F3E /* Supporting Files */,
			);
			path = "Fluffy PugTests";
			sourceTree = "<group>";
		};
		C95A77BE1B14063C00052F3E /* Supporting Files */ = {
			isa = PBXGroup;
			children = (
				C95A77BF1B14063C00052F3E /* Info.plist */,
			);
			name = "Supporting Files";
			sourceTree = "<group>";
		};
		C981B2491B94962800C7F5AB /* Map Manager */ = {
			isa = PBXGroup;
			children = (
				C981B24C1B94967500C7F5AB /* MapManager.h */,
				C981B24A1B94966400C7F5AB /* MapManager.m */,
			);
			name = "Map Manager";
			sourceTree = "<group>";
		};
		C9DED8C51B8FC77B004DECCB /* Frameworks */ = {
			isa = PBXGroup;
			children = (
				C91DD9141B6BB97A00B4BB07 /* IOSurface.framework */,
				C91DD9121B6BB97500B4BB07 /* IOKit.framework */,
				C91DD9101B6BB97000B4BB07 /* CoreGraphics.framework */,
				C9192B7F1B1A72EC002D1E08 /* CoreMedia.framework */,
				C9192B7D1B1A72D5002D1E08 /* ImageIO.framework */,
				C9192B7B1B1A72D1002D1E08 /* CoreVideo.framework */,
				C9192B791B1A72A2002D1E08 /* QuartzCore.framework */,
				C9C736101B15E90C0021F10F /* AppKit.framework */,
				C9C7360E1B15E6300021F10F /* AVFoundation.framework */,
				C95A77D01B142ACA00052F3E /* ApplicationServices.framework */,
				C95A77CE1B142AC500052F3E /* CoreFoundation.framework */,
				C95A77CC1B142AB200052F3E /* OpenGL.framework */,
			);
			name = Frameworks;
			sourceTree = "<group>";
		};
/* End PBXGroup section */

/* Begin PBXNativeTarget section */
		C95A77A61B14063B00052F3E /* Fluffy Pug */ = {
			isa = PBXNativeTarget;
			buildConfigurationList = C95A77C41B14063C00052F3E /* Build configuration list for PBXNativeTarget "Fluffy Pug" */;
			buildPhases = (
				C95A77A31B14063B00052F3E /* Sources */,
				C95A77A41B14063B00052F3E /* Frameworks */,
				C95A77A51B14063B00052F3E /* Resources */,
			);
			buildRules = (
			);
			dependencies = (
			);
			name = "Fluffy Pug";
			productName = "Fluffy Pug";
			productReference = C95A77A71B14063B00052F3E /* Fluffy Pug.app */;
			productType = "com.apple.product-type.application";
		};
/* End PBXNativeTarget section */

/* Begin PBXProject section */
		C95A779F1B14063B00052F3E /* Project object */ = {
			isa = PBXProject;
			attributes = {
				LastUpgradeCheck = 0700;
				ORGANIZATIONNAME = "Matthew French";
				TargetAttributes = {
					C95A77A61B14063B00052F3E = {
						CreatedOnToolsVersion = 6.3.2;
					};
				};
			};
			buildConfigurationList = C95A77A21B14063B00052F3E /* Build configuration list for PBXProject "Fluffy Pug" */;
			compatibilityVersion = "Xcode 3.2";
			developmentRegion = English;
			hasScannedForEncodings = 0;
			knownRegions = (
				en,
				Base,
			);
			mainGroup = C95A779E1B14063B00052F3E;
			productRefGroup = C95A77A81B14063B00052F3E /* Products */;
			projectDirPath = "";
			projectRoot = "";
			targets = (
				C95A77A61B14063B00052F3E /* Fluffy Pug */,
			);
		};
/* End PBXProject section */

/* Begin PBXResourcesBuildPhase section */
		C95A77A51B14063B00052F3E /* Resources */ = {
			isa = PBXResourcesBuildPhase;
			buildActionMask = 2147483647;
			files = (
				C95A77B21B14063B00052F3E /* Images.xcassets in Resources */,
				C95A77B51B14063B00052F3E /* MainMenu.xib in Resources */,
				C91E65D01B1D309E00432FCA /* Resources in Resources */,
			);
			runOnlyForDeploymentPostprocessing = 0;
		};
/* End PBXResourcesBuildPhase section */

/* Begin PBXSourcesBuildPhase section */
		C95A77A31B14063B00052F3E /* Sources */ = {
			isa = PBXSourcesBuildPhase;
			buildActionMask = 2147483647;
			files = (
				C9928F4D1B28931700A965E6 /* BasicAI.m in Sources */,
				C95A77B01B14063B00052F3E /* main.m in Sources */,
				C93A4D311B2BE84400391CCE /* EnemyTowerManager.m in Sources */,
				C91DD90F1B6B6C1400B4BB07 /* LeagueDetector.m in Sources */,
				C92B825C1B303A9E00278ED5 /* ItemManager.m in Sources */,
				C9C736041B15937F0021F10F /* AllyMinionManager.m in Sources */,
				C95A77AE1B14063B00052F3E /* AppDelegate.m in Sources */,
				C9416A931B2C560E007E0091 /* AutoQueueManager.m in Sources */,
				C9928F471B28720600A965E6 /* SelfChampionManager.m in Sources */,
				C9928F4A1B2872DC00A965E6 /* AllyChampionManager.m in Sources */,
				C91E65D31B1D30D200432FCA /* EnemyChampionManager.m in Sources */,
				C939B4751B6A01C800B42054 /* TestController.m in Sources */,
				C9A9111A1B2AC6F300DC33D1 /* ShopManager.m in Sources */,
				C94607321B96482B00B8F926 /* DetectionManager.m in Sources */,
				C981B24B1B94966400C7F5AB /* MapManager.m in Sources */,
				C9F5E6821B1C1AD10072BB9C /* EnemyMinionManager.m in Sources */,
				C92B82591B303A7500278ED5 /* AbilityManager.m in Sources */,
				C95A77D51B1432A600052F3E /* LeagueGameState.m in Sources */,
			);
			runOnlyForDeploymentPostprocessing = 0;
		};
/* End PBXSourcesBuildPhase section */

/* Begin PBXVariantGroup section */
		C95A77B31B14063B00052F3E /* MainMenu.xib */ = {
			isa = PBXVariantGroup;
			children = (
				C95A77B41B14063B00052F3E /* Base */,
			);
			name = MainMenu.xib;
			sourceTree = "<group>";
		};
/* End PBXVariantGroup section */

/* Begin XCBuildConfiguration section */
		C95A77C21B14063C00052F3E /* Debug */ = {
			isa = XCBuildConfiguration;
			buildSettings = {
				ALWAYS_SEARCH_USER_PATHS = NO;
				CLANG_CXX_LANGUAGE_STANDARD = "gnu++0x";
				CLANG_CXX_LIBRARY = "libc++";
				CLANG_ENABLE_MODULES = YES;
				CLANG_ENABLE_OBJC_ARC = YES;
				CLANG_WARN_BOOL_CONVERSION = YES;
				CLANG_WARN_CONSTANT_CONVERSION = YES;
				CLANG_WARN_DIRECT_OBJC_ISA_USAGE = YES_ERROR;
				CLANG_WARN_EMPTY_BODY = YES;
				CLANG_WARN_ENUM_CONVERSION = YES;
				CLANG_WARN_INT_CONVERSION = YES;
				CLANG_WARN_OBJC_ROOT_CLASS = YES_ERROR;
				CLANG_WARN_UNREACHABLE_CODE = YES;
				CLANG_WARN__DUPLICATE_METHOD_MATCH = YES;
				CODE_SIGN_IDENTITY = "-";
				COPY_PHASE_STRIP = NO;
				DEBUG_INFORMATION_FORMAT = dwarf;
				ENABLE_STRICT_OBJC_MSGSEND = YES;
				ENABLE_TESTABILITY = YES;
				GCC_C_LANGUAGE_STANDARD = gnu99;
				GCC_DYNAMIC_NO_PIC = NO;
				GCC_NO_COMMON_BLOCKS = YES;
				GCC_OPTIMIZATION_LEVEL = 0;
				GCC_PREPROCESSOR_DEFINITIONS = (
					"DEBUG=1",
					"$(inherited)",
				);
				GCC_SYMBOLS_PRIVATE_EXTERN = NO;
				GCC_WARN_64_TO_32_BIT_CONVERSION = YES;
				GCC_WARN_ABOUT_RETURN_TYPE = YES_ERROR;
				GCC_WARN_UNDECLARED_SELECTOR = YES;
				GCC_WARN_UNINITIALIZED_AUTOS = YES_AGGRESSIVE;
				GCC_WARN_UNUSED_FUNCTION = YES;
				GCC_WARN_UNUSED_VARIABLE = YES;
				MACOSX_DEPLOYMENT_TARGET = 10.10;
				MTL_ENABLE_DEBUG_INFO = YES;
				ONLY_ACTIVE_ARCH = YES;
				SDKROOT = macosx10.10;
			};
			name = Debug;
		};
		C95A77C31B14063C00052F3E /* Release */ = {
			isa = XCBuildConfiguration;
			buildSettings = {
				ALWAYS_SEARCH_USER_PATHS = NO;
				CLANG_CXX_LANGUAGE_STANDARD = "gnu++0x";
				CLANG_CXX_LIBRARY = "libc++";
				CLANG_ENABLE_MODULES = YES;
				CLANG_ENABLE_OBJC_ARC = YES;
				CLANG_WARN_BOOL_CONVERSION = YES;
				CLANG_WARN_CONSTANT_CONVERSION = YES;
				CLANG_WARN_DIRECT_OBJC_ISA_USAGE = YES_ERROR;
				CLANG_WARN_EMPTY_BODY = YES;
				CLANG_WARN_ENUM_CONVERSION = YES;
				CLANG_WARN_INT_CONVERSION = YES;
				CLANG_WARN_OBJC_ROOT_CLASS = YES_ERROR;
				CLANG_WARN_UNREACHABLE_CODE = YES;
				CLANG_WARN__DUPLICATE_METHOD_MATCH = YES;
				CODE_SIGN_IDENTITY = "-";
				COPY_PHASE_STRIP = NO;
				DEBUG_INFORMATION_FORMAT = "dwarf-with-dsym";
				ENABLE_NS_ASSERTIONS = NO;
				ENABLE_STRICT_OBJC_MSGSEND = YES;
				GCC_C_LANGUAGE_STANDARD = gnu99;
				GCC_NO_COMMON_BLOCKS = YES;
				GCC_WARN_64_TO_32_BIT_CONVERSION = YES;
				GCC_WARN_ABOUT_RETURN_TYPE = YES_ERROR;
				GCC_WARN_UNDECLARED_SELECTOR = YES;
				GCC_WARN_UNINITIALIZED_AUTOS = YES_AGGRESSIVE;
				GCC_WARN_UNUSED_FUNCTION = YES;
				GCC_WARN_UNUSED_VARIABLE = YES;
				MACOSX_DEPLOYMENT_TARGET = 10.10;
				MTL_ENABLE_DEBUG_INFO = NO;
				SDKROOT = macosx10.10;
			};
			name = Release;
		};
		C95A77C51B14063C00052F3E /* Debug */ = {
			isa = XCBuildConfiguration;
			buildSettings = {
				ASSETCATALOG_COMPILER_APPICON_NAME = AppIcon;
				CLANG_CXX_LANGUAGE_STANDARD = "c++14";
				CLANG_CXX_LIBRARY = "libc++";
				CLANG_USE_OPTIMIZATION_PROFILE = NO;
				COMBINE_HIDPI_IMAGES = YES;
				GCC_C_LANGUAGE_STANDARD = gnu11;
				GCC_INPUT_FILETYPE = sourcecode.cpp.objcpp;
				GCC_OPTIMIZATION_LEVEL = fast;
				INFOPLIST_FILE = "Fluffy Pug/Info.plist";
				LD_RUNPATH_SEARCH_PATHS = "$(inherited) @executable_path/../Frameworks";
				LLVM_LTO = YES;
				MACOSX_DEPLOYMENT_TARGET = 10.8;
				PRODUCT_BUNDLE_IDENTIFIER = "test.$(PRODUCT_NAME:rfc1034identifier)";
				PRODUCT_NAME = "$(TARGET_NAME)";
				SDKROOT = macosx10.10;
			};
			name = Debug;
		};
		C95A77C61B14063C00052F3E /* Release */ = {
			isa = XCBuildConfiguration;
			buildSettings = {
				ASSETCATALOG_COMPILER_APPICON_NAME = AppIcon;
				CLANG_CXX_LANGUAGE_STANDARD = "c++14";
				CLANG_CXX_LIBRARY = "libc++";
				CLANG_USE_OPTIMIZATION_PROFILE = NO;
				COMBINE_HIDPI_IMAGES = YES;
				GCC_C_LANGUAGE_STANDARD = gnu11;
				GCC_INPUT_FILETYPE = sourcecode.cpp.objcpp;
				GCC_OPTIMIZATION_LEVEL = fast;
				INFOPLIST_FILE = "Fluffy Pug/Info.plist";
				LD_RUNPATH_SEARCH_PATHS = "$(inherited) @executable_path/../Frameworks";
				LLVM_LTO = YES;
				MACOSX_DEPLOYMENT_TARGET = 10.8;
				PRODUCT_BUNDLE_IDENTIFIER = "test.$(PRODUCT_NAME:rfc1034identifier)";
				PRODUCT_NAME = "$(TARGET_NAME)";
				SDKROOT = macosx10.10;
			};
			name = Release;
		};
/* End XCBuildConfiguration section */

/* Begin XCConfigurationList section */
		C95A77A21B14063B00052F3E /* Build configuration list for PBXProject "Fluffy Pug" */ = {
			isa = XCConfigurationList;
			buildConfigurations = (
				C95A77C21B14063C00052F3E /* Debug */,
				C95A77C31B14063C00052F3E /* Release */,
			);
			defaultConfigurationIsVisible = 0;
			defaultConfigurationName = Release;
		};
		C95A77C41B14063C00052F3E /* Build configuration list for PBXNativeTarget "Fluffy Pug" */ = {
			isa = XCConfigurationList;
			buildConfigurations = (
				C95A77C51B14063C00052F3E /* Debug */,
				C95A77C61B14063C00052F3E /* Release */,
			);
			defaultConfigurationIsVisible = 0;
			defaultConfigurationName = Release;
		};
/* End XCConfigurationList section */
	};
	rootObject = C95A779F1B14063B00052F3E /* Project object */;
}
